
Microsoft Visual Studio Solution File, Format Version 12.00
# Visual Studio Version 17
VisualStudioVersion = 17.14.36310.24 d17.14
MinimumVisualStudioVersion = 10.0.40219.1
Project("{FAE04EC0-301F-11D3-BF4B-00C04F79EFBC}") = "Ceylon Crafts", "Ceylon Crafts\Ceylon Crafts.csproj", "{210B7410-EB74-4491-B0EB-5F887C15275B}"
EndProject
Global
	GlobalSection(SolutionConfigurationPlatforms) = preSolution
		Debug|Any CPU = Debug|Any CPU
		Release|Any CPU = Release|Any CPU
	EndGlobalSection
	GlobalSection(ProjectConfigurationPlatforms) = postSolution
		{210B7410-EB74-4491-B0EB-5F887C15275B}.Debug|Any CPU.ActiveCfg = Debug|Any CPU
		{210B7410-EB74-4491-B0EB-5F887C15275B}.Debug|Any CPU.Build.0 = Debug|Any CPU
		{210B7410-EB74-4491-B0EB-5F887C15275B}.Release|Any CPU.ActiveCfg = Release|Any CPU
		{210B7410-EB74-4491-B0EB-5F887C15275B}.Release|Any CPU.Build.0 = Release|Any CPU
	EndGlobalSection
	GlobalSection(SolutionProperties) = preSolution
		HideSolutionNode = FALSE
	EndGlobalSection
	GlobalSection(ExtensibilityGlobals) = postSolution
		SolutionGuid = {5B8D8171-3B96-4598-BC96-8537746B5063}
	EndGlobalSection
EndGlobal
